
Microsoft Visual Studio Solution File, Format Version 12.00
# Visual Studio Version 17
VisualStudioVersion = 17.5.33516.290
MinimumVisualStudioVersion = 10.0.40219.1
Project("{FAE04EC0-301F-11D3-BF4B-00C04F79EFBC}") = "EsercizioFinale", "EsercizioFinale\EsercizioFinale.csproj", "{13E8293D-5B7D-4491-99AD-FA8A5DE6AF0A}"
EndProject
Global
	GlobalSection(SolutionConfigurationPlatforms) = preSolution
		Debug|Any CPU = Debug|Any CPU
		Release|Any CPU = Release|Any CPU
	EndGlobalSection
	GlobalSection(ProjectConfigurationPlatforms) = postSolution
		{13E8293D-5B7D-4491-99AD-FA8A5DE6AF0A}.Debug|Any CPU.ActiveCfg = Debug|Any CPU
		{13E8293D-5B7D-4491-99AD-FA8A5DE6AF0A}.Debug|Any CPU.Build.0 = Debug|Any CPU
		{13E8293D-5B7D-4491-99AD-FA8A5DE6AF0A}.Release|Any CPU.ActiveCfg = Release|Any CPU
		{13E8293D-5B7D-4491-99AD-FA8A5DE6AF0A}.Release|Any CPU.Build.0 = Release|Any CPU
	EndGlobalSection
	GlobalSection(SolutionProperties) = preSolution
		HideSolutionNode = FALSE
	EndGlobalSection
	GlobalSection(ExtensibilityGlobals) = postSolution
		SolutionGuid = {D8A9D185-CEBC-4F9B-82C4-B5664D4C7138}
	EndGlobalSection
EndGlobal
